# @generated by Move, please check-in and do not edit manually.

[move]
version = 3
manifest_digest = "94133BAD487BD19BBEC5B41DDD2FAC1628402592C00AAD1136BA2DD95CEDB1F9"
deps_digest = "F8BBB0CCB2491CA29A3DF03D6F92277A4F3574266507ACD77214D37ECA3F3082"
dependencies = [
  { id = "Sui", name = "Sui" },
]

[[move.package]]
id = "MoveStdlib"
source = { git = "https://github.com/MystenLabs/sui.git", rev = "framework/testnet", subdir = "crates/sui-framework/packages/move-stdlib" }

[[move.package]]
id = "Sui"
source = { git = "https://github.com/MystenLabs/sui.git", rev = "framework/testnet", subdir = "crates/sui-framework/packages/sui-framework" }

dependencies = [
  { id = "MoveStdlib", name = "MoveStdlib" },
]

[move.toolchain-version]
compiler-version = "1.57.0"
edition = "2024.beta"
flavor = "sui"

[env]

[env.testnet]
chain-id = "4c78adac"
original-published-id = "0xf26823e22a284a2fc425ec96c01624e3649b163c0cf1b45685f40adb780e6b47"
latest-published-id = "0xf26823e22a284a2fc425ec96c01624e3649b163c0cf1b45685f40adb780e6b47"
published-version = "1"
